github.com/StratoAPI/Interface v0.0.6 h1:yZ3mzdy0zLDZKnXdpoD0jaJmBGaBOtT1nRedujW4O0s=
github.com/StratoAPI/Interface v0.0.6/go.mod h1:jLlD9bBfAuFE0VN6FkrvX3cMhuDnbikzonCMprOLsyw=
github.com/Vilsol/GoLib v0.0.8 h1:jU4uDxstMbiyPQSMKUKpYNjSw8XnwYMDsR9wYTQcaR4=
github.com/Vilsol/GoLib v0.0.8/go.mod h1:6c39n5wTtt5OSt8vEF1mlnc/lC+Xl0SlHG3vboC2pEQ=
github.com/gorilla/context v0.0.0-20160226214623-1ea25387ff6f h1:9oNbS1z4rVpbnkHBdPZU4jo9bSmrLpII768arSyMFgk=
github.com/gorilla/context v0.0.0-20160226214623-1ea25387ff6f/go.mod h1:kBGZzfjB9CEq2AlWe17Uuf7NDRt0dE0s8S51q0aT7Yg=
github.com/gorilla/handlers v1.4.0 h1:XulKRWSQK5uChr4pEgSE4Tc/OcmnU9GJuSwdog/tZsA=
github.com/gorilla/handlers v1.4.0/go.mod h1:Qkdc/uu4tH4g6mTK6auzZ766c4CA0Ng8+o/OAirnOIQ=
github.com/gorilla/mux v1.6.1/go.mod h1:1lud6UwP+6orDFRuTfBEV8e9/aOM/c4fVVCaMa2zaAs=
github.com/gorilla/mux v1.6.2 h1:Pgr17XVTNXAk3q/r4CpKzC5xBM/qW1uVLV+IhRZpIIk=
github.com/gorilla/mux v1.6.2/go.mod h1:1lud6UwP+6orDFRuTfBEV8e9/aOM/c4fVVCaMa2zaAs=
